
Microsoft Visual Studio Solution File, Format Version 12.00
# Visual Studio Version 17
VisualStudioVersion = 17.10.35122.118
MinimumVisualStudioVersion = 10.0.40219.1
Project("{FAE04EC0-301F-11D3-BF4B-00C04F79EFBC}") = "eCommerce.SharedLibrary", "eCommerce.SharedLibrary\eCommerce.SharedLibrary.csproj", "{FD86EF61-3EF4-442D-9D6D-7983C8152C1D}"
EndProject
Global
	GlobalSection(SolutionConfigurationPlatforms) = preSolution
		Debug|Any CPU = Debug|Any CPU
		Release|Any CPU = Release|Any CPU
	EndGlobalSection
	GlobalSection(ProjectConfigurationPlatforms) = postSolution
		{FD86EF61-3EF4-442D-9D6D-7983C8152C1D}.Debug|Any CPU.ActiveCfg = Debug|Any CPU
		{FD86EF61-3EF4-442D-9D6D-7983C8152C1D}.Debug|Any CPU.Build.0 = Debug|Any CPU
		{FD86EF61-3EF4-442D-9D6D-7983C8152C1D}.Release|Any CPU.ActiveCfg = Release|Any CPU
		{FD86EF61-3EF4-442D-9D6D-7983C8152C1D}.Release|Any CPU.Build.0 = Release|Any CPU
	EndGlobalSection
	GlobalSection(SolutionProperties) = preSolution
		HideSolutionNode = FALSE
	EndGlobalSection
	GlobalSection(ExtensibilityGlobals) = postSolution
		SolutionGuid = {E91E6AC7-E8CE-4E2F-826A-40A93E60D3BF}
	EndGlobalSection
EndGlobal
